
Microsoft Visual Studio Solution File, Format Version 12.00
# Visual Studio Version 17
VisualStudioVersion = 17.7.34202.233
MinimumVisualStudioVersion = 10.0.40219.1
Project("{FAE04EC0-301F-11D3-BF4B-00C04F79EFBC}") = "AOC.2023.1", "AOC.2023.1\AOC.2023.1.csproj", "{841CD9EE-5098-4667-B45B-0E7BD81AE836}"
EndProject
Global
	GlobalSection(SolutionConfigurationPlatforms) = preSolution
		Debug|Any CPU = Debug|Any CPU
		Release|Any CPU = Release|Any CPU
	EndGlobalSection
	GlobalSection(ProjectConfigurationPlatforms) = postSolution
		{841CD9EE-5098-4667-B45B-0E7BD81AE836}.Debug|Any CPU.ActiveCfg = Debug|Any CPU
		{841CD9EE-5098-4667-B45B-0E7BD81AE836}.Debug|Any CPU.Build.0 = Debug|Any CPU
		{841CD9EE-5098-4667-B45B-0E7BD81AE836}.Release|Any CPU.ActiveCfg = Release|Any CPU
		{841CD9EE-5098-4667-B45B-0E7BD81AE836}.Release|Any CPU.Build.0 = Release|Any CPU
	EndGlobalSection
	GlobalSection(SolutionProperties) = preSolution
		HideSolutionNode = FALSE
	EndGlobalSection
	GlobalSection(ExtensibilityGlobals) = postSolution
		SolutionGuid = {4639188E-895D-42DD-AC2D-A488EA20E145}
	EndGlobalSection
EndGlobal
